
Microsoft Visual Studio Solution File, Format Version 12.00
# Visual Studio Version 17
VisualStudioVersion = 17.2.32526.322
MinimumVisualStudioVersion = 10.0.40219.1
Project("{8BC9CEB8-8B4A-11D0-8D11-00A0C91BC942}") = "volumemixer", "volumemixer\volumemixer.vcxproj", "{B38B84F5-C79D-4C9D-9EBC-BC12A86B5F34}"
EndProject
Global
	GlobalSection(SolutionConfigurationPlatforms) = preSolution
		Debug|x64 = Debug|x64
		Debug|x86 = Debug|x86
		Release|x64 = Release|x64
		Release|x86 = Release|x86
	EndGlobalSection
	GlobalSection(ProjectConfigurationPlatforms) = postSolution
		{B38B84F5-C79D-4C9D-9EBC-BC12A86B5F34}.Debug|x64.ActiveCfg = Debug|x64
		{B38B84F5-C79D-4C9D-9EBC-BC12A86B5F34}.Debug|x64.Build.0 = Debug|x64
		{B38B84F5-C79D-4C9D-9EBC-BC12A86B5F34}.Debug|x86.ActiveCfg = Debug|Win32
		{B38B84F5-C79D-4C9D-9EBC-BC12A86B5F34}.Debug|x86.Build.0 = Debug|Win32
		{B38B84F5-C79D-4C9D-9EBC-BC12A86B5F34}.Release|x64.ActiveCfg = Release|x64
		{B38B84F5-C79D-4C9D-9EBC-BC12A86B5F34}.Release|x64.Build.0 = Release|x64
		{B38B84F5-C79D-4C9D-9EBC-BC12A86B5F34}.Release|x86.ActiveCfg = Release|Win32
		{B38B84F5-C79D-4C9D-9EBC-BC12A86B5F34}.Release|x86.Build.0 = Release|Win32
	EndGlobalSection
	GlobalSection(SolutionProperties) = preSolution
		HideSolutionNode = FALSE
	EndGlobalSection
	GlobalSection(ExtensibilityGlobals) = postSolution
		SolutionGuid = {95A92141-DA53-4AC2-895B-973468BD5499}
	EndGlobalSection
EndGlobal
